aiohappyeyeballs==2.7.1
aiohttp==3.14.3
aiosignal==1.4.0
altair==6.2.2
annotated-doc==0.0.5
annotated-types==0.8.0
anyio==4.14.2
attrs==26.1.0
bitarray==3.10.1
blinker==1.9.0
cachetools==7.1.7
certifi==2026.7.22
cffi==2.1.1
charset-normalizer==3.5.1
ckzg==2.1.8
click==8.5.0
cytoolz==1.1.0
eth-abi==6.0.0
eth-account==0.13.7
eth-hash==0.8.0
eth-keyfile==0.8.1
eth-keys==0.8.0
eth-rlp==3.0.0
eth-typing==6.0.0
eth-utils==5.3.1
fastapi==0.141.1
frozenlist==1.8.0
gitdb==4.0.12
gitpython==3.1.61
h11==0.16.0
hexbytes==2.0.0
httptools==0.8.0
hyperliquid-python-sdk==0.24.0
idna==3.19
iniconfig==2.3.0
itsdangerous==2.2.0
jinja2==3.1.6
jsonschema==4.26.0
jsonschema-specifications==2025.9.1
markupsafe==3.0.3
msgpack==1.2.2
multidict==6.7.1
narwhals==2.25.0
numpy==2.5.2
packaging==26.3
pandas==3.0.5
parsimonious==0.10.0
pillow==12.3.0
plotly==7.0.0
pluggy==1.6.0
propcache==0.5.2
protobuf==7.36.0
pyarrow==25.0.1
pycparser==3.0
pycryptodome==3.23.0
pydantic==2.13.5
pydantic-core==2.46.5
pydeck==0.9.3
pygments==2.21.0
pynacl==1.6.2
pytest==9.1.1
python-dateutil==2.9.0.post0
python-dotenv==1.2.3
python-multipart==0.0.32
referencing==0.37.0
regex==2026.7.19
requests==2.34.2
rlp==5.0.0
rpds-py==2026.6.3
six==1.17.0
smmap==5.0.3
starlette==1.6.0
streamlit==1.59.1
structlog==26.1.0
ta==0.11.0
tenacity==9.1.4
toml==0.10.2
toolz==1.1.0
typing-extensions==4.16.0
typing-inspection==0.4.4
urllib3==2.7.0
uvicorn==0.52.4
watchdog==6.0.0
websocket-client==1.9.0
websockets==17.1
yarl==1.24.5
